
Microsoft Visual Studio Solution File, Format Version 12.00
# Visual Studio 15
VisualStudioVersion = 15.0.28307.421
MinimumVisualStudioVersion = 10.0.40219.1
Project("{FAE04EC0-301F-11D3-BF4B-00C04F79EFBC}") = "SongSwears", "SongSwears\SongSwears.csproj", "{808F065A-66CE-4E91-BB5A-3C0446900506}"
EndProject
Global
	GlobalSection(SolutionConfigurationPlatforms) = preSolution
		Debug|Any CPU = Debug|Any CPU
		Release|Any CPU = Release|Any CPU
	EndGlobalSection
	GlobalSection(ProjectConfigurationPlatforms) = postSolution
		{808F065A-66CE-4E91-BB5A-3C0446900506}.Debug|Any CPU.ActiveCfg = Debug|Any CPU
		{808F065A-66CE-4E91-BB5A-3C0446900506}.Debug|Any CPU.Build.0 = Debug|Any CPU
		{808F065A-66CE-4E91-BB5A-3C0446900506}.Release|Any CPU.ActiveCfg = Release|Any CPU
		{808F065A-66CE-4E91-BB5A-3C0446900506}.Release|Any CPU.Build.0 = Release|Any CPU
	EndGlobalSection
	GlobalSection(SolutionProperties) = preSolution
		HideSolutionNode = FALSE
	EndGlobalSection
	GlobalSection(ExtensibilityGlobals) = postSolution
		SolutionGuid = {8CE19E3B-8652-4F4A-88DE-895EC356CE07}
	EndGlobalSection
EndGlobal
